{
  "name": "configs",
  "version": "1.0.0",
  "lockfileVersion": 3,
  "requires": true,
  "packages": {
    "": {
      "name": "configs",
      "version": "1.0.0",
      "license": "ISC",
      "dependencies": {
        "@typescript/native-preview": "7.0.0-dev.20250705.1",
        "opencode-ai": "^0.7.9"
      }
    },
    "node_modules/@typescript/native-preview": {
      "version": "7.0.0-dev.20250705.1",
      "resolved": "https://registry.npmjs.org/@typescript/native-preview/-/native-preview-7.0.0-dev.20250705.1.tgz",
      "integrity": "sha512-fW2+5P8WtKrALGHl7oNKF3q1Ea8oNd+9xPXZGKqsOf94l+Tx/IZz7qsICMpU8D53dQzbtZDjX20ujl1qC9FYmg==",
      "license": "Apache-2.0",
      "bin": {
        "tsgo": "bin/tsgo.js"
      },
      "engines": {
        "node": ">=20.6.0"
      },
      "optionalDependencies": {
        "@typescript/native-preview-darwin-arm64": "7.0.0-dev.20250705.1",
        "@typescript/native-preview-darwin-x64": "7.0.0-dev.20250705.1",
        "@typescript/native-preview-linux-arm": "7.0.0-dev.20250705.1",
        "@typescript/native-preview-linux-arm64": "7.0.0-dev.20250705.1",
        "@typescript/native-preview-linux-x64": "7.0.0-dev.20250705.1",
        "@typescript/native-preview-win32-arm64": "7.0.0-dev.20250705.1",
        "@typescript/native-preview-win32-x64": "7.0.0-dev.20250705.1"
      }
    },
    "node_modules/@typescript/native-preview-darwin-arm64": {
      "version": "7.0.0-dev.20250705.1",
      "resolved": "https://registry.npmjs.org/@typescript/native-preview-darwin-arm64/-/native-preview-darwin-arm64-7.0.0-dev.20250705.1.tgz",
      "integrity": "sha512-FFUW9IKoT5tlhVkp/QL6hBoJ+jsEG+8FGmmtcZY3hxTsU2frGXbKi+pBFRzrhmXz9XMBxpXphUz/DzcaYz7zfQ==",
      "cpu": [
        "arm64"
      ],
      "license": "Apache-2.0",
      "optional": true,
      "os": [
        "darwin"
      ],
      "engines": {
        "node": ">=20.6.0"
      }
    },
    "node_modules/@typescript/native-preview-darwin-x64": {
      "version": "7.0.0-dev.20250705.1",
      "resolved": "https://registry.npmjs.org/@typescript/native-preview-darwin-x64/-/native-preview-darwin-x64-7.0.0-dev.20250705.1.tgz",
      "integrity": "sha512-T+Hj0TPHRhhNTc/UrN1w2sRv2Bz+VF43aMS+1kIJIc3uRVBZFHAUM0mG8Al9zGQnmTk5PLUfL8FDaEDtv3Kfgg==",
      "cpu": [
        "x64"
      ],
      "license": "Apache-2.0",
      "optional": true,
      "os": [
        "darwin"
      ],
      "engines": {
        "node": ">=20.6.0"
      }
    },
    "node_modules/@typescript/native-preview-linux-arm": {
      "version": "7.0.0-dev.20250705.1",
      "resolved": "https://registry.npmjs.org/@typescript/native-preview-linux-arm/-/native-preview-linux-arm-7.0.0-dev.20250705.1.tgz",
      "integrity": "sha512-lfSi32fFvaDB7s2Llqpwk1S3z/s04w6h/PXb4Vfqs5he/3/+a+B6J4yGvSVlbRQQ4yz6ncvmotkbX0ghK9/7MA==",
      "cpu": [
        "arm"
      ],
      "license": "Apache-2.0",
      "optional": true,
      "os": [
        "linux"
      ],
      "engines": {
        "node": ">=20.6.0"
      }
    },
    "node_modules/@typescript/native-preview-linux-arm64": {
      "version": "7.0.0-dev.20250705.1",
      "resolved": "https://registry.npmjs.org/@typescript/native-preview-linux-arm64/-/native-preview-linux-arm64-7.0.0-dev.20250705.1.tgz",
      "integrity": "sha512-Z75KV5TVgR0ATW02OWCtZ0hsWA4E7z5E4Jz1fXGDmXsNaPrmokgKngbls7kct6gg5aoZzmnwaPGbiFeqHH7xgw==",
      "cpu": [
        "arm64"
      ],
      "license": "Apache-2.0",
      "optional": true,
      "os": [
        "linux"
      ],
      "engines": {
        "node": ">=20.6.0"
      }
    },
    "node_modules/@typescript/native-preview-linux-x64": {
      "version": "7.0.0-dev.20250705.1",
      "resolved": "https://registry.npmjs.org/@typescript/native-preview-linux-x64/-/native-preview-linux-x64-7.0.0-dev.20250705.1.tgz",
      "integrity": "sha512-FV9yRM/6LcUyXgOOYGgq/uSp1Jfz9Kk5w4661L4/Is6hhN5QoI/apFVlWE5/anIN+T8DzCGjnefoPQOLW2EILQ==",
      "cpu": [
        "x64"
      ],
      "license": "Apache-2.0",
      "optional": true,
      "os": [
        "linux"
      ],
      "engines": {
        "node": ">=20.6.0"
      }
    },
    "node_modules/@typescript/native-preview-win32-arm64": {
      "version": "7.0.0-dev.20250705.1",
      "resolved": "https://registry.npmjs.org/@typescript/native-preview-win32-arm64/-/native-preview-win32-arm64-7.0.0-dev.20250705.1.tgz",
      "integrity": "sha512-3FAOw+C0KPUdEV3KxnBPySG4GFfC1lUyds28n9eqh9/vf5Ab39cInid1WsMOLDKm9c1spwZ4TsbSWDO7kmwP7A==",
      "cpu": [
        "arm64"
      ],
      "license": "Apache-2.0",
      "optional": true,
      "os": [
        "win32"
      ],
      "engines": {
        "node": ">=20.6.0"
      }
    },
    "node_modules/@typescript/native-preview-win32-x64": {
      "version": "7.0.0-dev.20250705.1",
      "resolved": "https://registry.npmjs.org/@typescript/native-preview-win32-x64/-/native-preview-win32-x64-7.0.0-dev.20250705.1.tgz",
      "integrity": "sha512-MotAI+ewWbLU5Zi+9EOaU/KTwotWv8SLbgiElBoXD2l0CkK3yceRnNMy4KDkV2imjL/ncFUi/gFZGAOC6XRPrw==",
      "cpu": [
        "x64"
      ],
      "license": "Apache-2.0",
      "optional": true,
      "os": [
        "win32"
      ],
      "engines": {
        "node": ">=20.6.0"
      }
    },
    "node_modules/opencode-ai": {
      "version": "0.7.9",
      "resolved": "https://registry.npmjs.org/opencode-ai/-/opencode-ai-0.7.9.tgz",
      "integrity": "sha512-eO4WWh4rpk8AvSr5g+Lfmg6CgNkM6BuAJ+tb1VufqAOpLQB+OmPLyR2EIi7kUoPw89eyH7oqVFCAe4cik7HAXQ==",
      "hasInstallScript": true,
      "bin": {
        "opencode": "bin/opencode"
      },
      "optionalDependencies": {
        "opencode-darwin-arm64": "0.7.9",
        "opencode-darwin-x64": "0.7.9",
        "opencode-darwin-x64-baseline": "0.7.9",
        "opencode-linux-arm64": "0.7.9",
        "opencode-linux-x64": "0.7.9",
        "opencode-linux-x64-baseline": "0.7.9",
        "opencode-windows-x64": "0.7.9"
      }
    },
    "node_modules/opencode-darwin-arm64": {
      "version": "0.7.9",
      "resolved": "https://registry.npmjs.org/opencode-darwin-arm64/-/opencode-darwin-arm64-0.7.9.tgz",
      "integrity": "sha512-0iuTiQvShNbh3ZCdYa4NMCTLZAUfgN+odMTqVZ02HX3xKcB7bAjlHeq9LXUW2LW914he6hgmdrAv3EkouYxRAQ==",
      "cpu": [
        "arm64"
      ],
      "optional": true,
      "os": [
        "darwin"
      ]
    },
    "node_modules/opencode-darwin-x64": {
      "version": "0.7.9",
      "resolved": "https://registry.npmjs.org/opencode-darwin-x64/-/opencode-darwin-x64-0.7.9.tgz",
      "integrity": "sha512-SgaMVUZwr+uyGBcR2uyfHpEDgfg2zD+bmwnlu+y4zT1QTaYsg7GvJWfCw21URgRPCOBrjGvC4DrVOBkulAkAgQ==",
      "cpu": [
        "x64"
      ],
      "optional": true,
      "os": [
        "darwin"
      ]
    },
    "node_modules/opencode-darwin-x64-baseline": {
      "version": "0.7.9",
      "resolved": "https://registry.npmjs.org/opencode-darwin-x64-baseline/-/opencode-darwin-x64-baseline-0.7.9.tgz",
      "integrity": "sha512-DcvxzK4ARMc4ueEjajIpzf9cRegbsTu2nk2cI3mK+FzdUvm1FXfYr88mlBbhG0tLDi2KQOF07wzZMc40bxO4DA==",
      "cpu": [
        "x64-baseline"
      ],
      "optional": true,
      "os": [
        "darwin"
      ]
    },
    "node_modules/opencode-linux-arm64": {
      "version": "0.7.9",
      "resolved": "https://registry.npmjs.org/opencode-linux-arm64/-/opencode-linux-arm64-0.7.9.tgz",
      "integrity": "sha512-KlA3PEyciD5LBXGn/1hbhdbL25frGc8OKST0xYF5jQ7JTWuCGo7ofhtcjgR8vOzz3/Ec8B2XWZ4JsPF5/5EcOQ==",
      "cpu": [
        "arm64"
      ],
      "optional": true,
      "os": [
        "linux"
      ]
    },
    "node_modules/opencode-linux-x64": {
      "version": "0.7.9",
      "resolved": "https://registry.npmjs.org/opencode-linux-x64/-/opencode-linux-x64-0.7.9.tgz",
      "integrity": "sha512-gTzyXCot/jpgHtL8O3ta6eVDloGc+snw2TFBqCMgcJLx4bROcn4PtGXfoJSNO/g72lTerXh1FtPRY+G8/5diGw==",
      "cpu": [
        "x64"
      ],
      "optional": true,
      "os": [
        "linux"
      ]
    },
    "node_modules/opencode-linux-x64-baseline": {
      "version": "0.7.9",
      "resolved": "https://registry.npmjs.org/opencode-linux-x64-baseline/-/opencode-linux-x64-baseline-0.7.9.tgz",
      "integrity": "sha512-E7zdSkrd5B0g8a2XXh+UXNdC0wAun4rFMuffyQ0c+ZNXjfcvqbYEMABDQ0kBHwpR2hnaMwh0zR9iyB0eQQvCkw==",
      "cpu": [
        "x64-baseline"
      ],
      "optional": true,
      "os": [
        "linux"
      ]
    },
    "node_modules/opencode-windows-x64": {
      "version": "0.7.9",
      "resolved": "https://registry.npmjs.org/opencode-windows-x64/-/opencode-windows-x64-0.7.9.tgz",
      "integrity": "sha512-SGGhLq6pDAcyrzOjT47eU0v2Mg3w2UJVtt/1m2phpw/HK9r6FkrXhIgGZw4VRgaVBcpkuxMnwPbjRC2HQwmPHQ==",
      "cpu": [
        "x64"
      ],
      "optional": true,
      "os": [
        "win32"
      ]
    }
  }
}
