{
  "name": "tmp",
  "version": "1.0.0",
  "lockfileVersion": 3,
  "requires": true,
  "packages": {
    "": {
      "name": "tmp",
      "version": "1.0.0",
      "license": "ISC",
      "dependencies": {
        "@typescript/native-preview": "^7.0.0-dev.20250609.1"
      }
    },
    "node_modules/@typescript/native-preview": {
      "version": "7.0.0-dev.20250609.1",
      "resolved": "https://registry.npmjs.org/@typescript/native-preview/-/native-preview-7.0.0-dev.20250609.1.tgz",
      "integrity": "sha512-GmNgA75pGNSSEzEeOVb7Yg9AivNvBMsCFO4fXcKiuBbu5U7ge3y659iPo+EK3hGDzv3kk244hcH73URgFbCcLg==",
      "license": "Apache-2.0",
      "bin": {
        "tsgo": "bin/tsgo.js"
      },
      "engines": {
        "node": ">=20.6.0"
      },
      "optionalDependencies": {
        "@typescript/native-preview-darwin-arm64": "7.0.0-dev.20250609.1",
        "@typescript/native-preview-darwin-x64": "7.0.0-dev.20250609.1",
        "@typescript/native-preview-linux-arm": "7.0.0-dev.20250609.1",
        "@typescript/native-preview-linux-arm64": "7.0.0-dev.20250609.1",
        "@typescript/native-preview-linux-x64": "7.0.0-dev.20250609.1",
        "@typescript/native-preview-win32-arm64": "7.0.0-dev.20250609.1",
        "@typescript/native-preview-win32-x64": "7.0.0-dev.20250609.1"
      }
    },
    "node_modules/@typescript/native-preview-darwin-arm64": {
      "version": "7.0.0-dev.20250609.1",
      "resolved": "https://registry.npmjs.org/@typescript/native-preview-darwin-arm64/-/native-preview-darwin-arm64-7.0.0-dev.20250609.1.tgz",
      "integrity": "sha512-UL0Ch3pDIuXHwfyMOa9ChgYkfdPlOE6dNE1vfrw97/lcbVPut3dStJLNtBJ7cCfo+Ol7X75coXZaiEUvCjn4Sg==",
      "cpu": [
        "arm64"
      ],
      "license": "Apache-2.0",
      "optional": true,
      "os": [
        "darwin"
      ],
      "engines": {
        "node": ">=20.6.0"
      }
    },
    "node_modules/@typescript/native-preview-darwin-x64": {
      "version": "7.0.0-dev.20250609.1",
      "resolved": "https://registry.npmjs.org/@typescript/native-preview-darwin-x64/-/native-preview-darwin-x64-7.0.0-dev.20250609.1.tgz",
      "integrity": "sha512-w048m1BJTNjBgurRc7k0OgNGWK4Vknt6D80CWf3jXDkfdS1TSdXsjS9fPitsQ7ywV08Uv45ivRNM5nKnmCA2fg==",
      "cpu": [
        "x64"
      ],
      "license": "Apache-2.0",
      "optional": true,
      "os": [
        "darwin"
      ],
      "engines": {
        "node": ">=20.6.0"
      }
    },
    "node_modules/@typescript/native-preview-linux-arm": {
      "version": "7.0.0-dev.20250609.1",
      "resolved": "https://registry.npmjs.org/@typescript/native-preview-linux-arm/-/native-preview-linux-arm-7.0.0-dev.20250609.1.tgz",
      "integrity": "sha512-aIhRCua0PgFwIbuwv5syRLMly/Xd96ZHIbrUKWq/rA31txP1uOFSBHvZ5g2aMc5dbJk0mt6ywl4ePuQBvBvujQ==",
      "cpu": [
        "arm"
      ],
      "license": "Apache-2.0",
      "optional": true,
      "os": [
        "linux"
      ],
      "engines": {
        "node": ">=20.6.0"
      }
    },
    "node_modules/@typescript/native-preview-linux-arm64": {
      "version": "7.0.0-dev.20250609.1",
      "resolved": "https://registry.npmjs.org/@typescript/native-preview-linux-arm64/-/native-preview-linux-arm64-7.0.0-dev.20250609.1.tgz",
      "integrity": "sha512-qm3zIL8ooI4+4V6KdvlisHCQ/Er8xufgV7J8clyxCsQnkYqJ/zeNjRF/sEbWOUgVbDeWOAYh3BFIQA86lSVHWA==",
      "cpu": [
        "arm64"
      ],
      "license": "Apache-2.0",
      "optional": true,
      "os": [
        "linux"
      ],
      "engines": {
        "node": ">=20.6.0"
      }
    },
    "node_modules/@typescript/native-preview-linux-x64": {
      "version": "7.0.0-dev.20250609.1",
      "resolved": "https://registry.npmjs.org/@typescript/native-preview-linux-x64/-/native-preview-linux-x64-7.0.0-dev.20250609.1.tgz",
      "integrity": "sha512-o30kKH5SAg7R++zhOXaP+zalPjYdzwwpHDg5saygl2jp3h+03Nn7cf49lFQOK1nnp9I6EW7135x/Wbn0fWIE/A==",
      "cpu": [
        "x64"
      ],
      "license": "Apache-2.0",
      "optional": true,
      "os": [
        "linux"
      ],
      "engines": {
        "node": ">=20.6.0"
      }
    },
    "node_modules/@typescript/native-preview-win32-arm64": {
      "version": "7.0.0-dev.20250609.1",
      "resolved": "https://registry.npmjs.org/@typescript/native-preview-win32-arm64/-/native-preview-win32-arm64-7.0.0-dev.20250609.1.tgz",
      "integrity": "sha512-9liqxD+BWwqtfC+g/Glqp+hrGhC/tdXeZ9GMjN8Rj8Vnh3eh7/7/log8ATwldVjYO79wBcowhkf855xEzAK9cw==",
      "cpu": [
        "arm64"
      ],
      "license": "Apache-2.0",
      "optional": true,
      "os": [
        "win32"
      ],
      "engines": {
        "node": ">=20.6.0"
      }
    },
    "node_modules/@typescript/native-preview-win32-x64": {
      "version": "7.0.0-dev.20250609.1",
      "resolved": "https://registry.npmjs.org/@typescript/native-preview-win32-x64/-/native-preview-win32-x64-7.0.0-dev.20250609.1.tgz",
      "integrity": "sha512-SJ/aW5tno4YPWW2+Bx26TiG3JQ6iXcvQbCXyJ8lg1FJGEZilMTFkbw9i8342KVyVEAEC8L2cd/BpT7zby0QEbQ==",
      "cpu": [
        "x64"
      ],
      "license": "Apache-2.0",
      "optional": true,
      "os": [
        "win32"
      ],
      "engines": {
        "node": ">=20.6.0"
      }
    }
  }
}
